
Microsoft Visual Studio Solution File, Format Version 12.00
# Visual Studio Version 17
VisualStudioVersion = 17.4.33205.214
MinimumVisualStudioVersion = 10.0.40219.1
Project("{FAE04EC0-301F-11D3-BF4B-00C04F79EFBC}") = "Telegram WPF", "Telegram WPF\Telegram WPF.csproj", "{EA6A4CC8-FC1B-4563-9546-51E6285C26E5}"
EndProject
Global
	GlobalSection(SolutionConfigurationPlatforms) = preSolution
		Debug|Any CPU = Debug|Any CPU
		Release|Any CPU = Release|Any CPU
	EndGlobalSection
	GlobalSection(ProjectConfigurationPlatforms) = postSolution
		{EA6A4CC8-FC1B-4563-9546-51E6285C26E5}.Debug|Any CPU.ActiveCfg = Debug|Any CPU
		{EA6A4CC8-FC1B-4563-9546-51E6285C26E5}.Debug|Any CPU.Build.0 = Debug|Any CPU
		{EA6A4CC8-FC1B-4563-9546-51E6285C26E5}.Release|Any CPU.ActiveCfg = Release|Any CPU
		{EA6A4CC8-FC1B-4563-9546-51E6285C26E5}.Release|Any CPU.Build.0 = Release|Any CPU
	EndGlobalSection
	GlobalSection(SolutionProperties) = preSolution
		HideSolutionNode = FALSE
	EndGlobalSection
	GlobalSection(ExtensibilityGlobals) = postSolution
		SolutionGuid = {39E08D6C-5782-44BF-8ECD-BACF7030BC40}
	EndGlobalSection
EndGlobal
